
Microsoft Visual Studio Solution File, Format Version 12.00
# Visual Studio Version 17
VisualStudioVersion = 17.2.32526.322
MinimumVisualStudioVersion = 10.0.40219.1
Project("{FAE04EC0-301F-11D3-BF4B-00C04F79EFBC}") = "PositionApplicability", "PositionApplicability.csproj", "{0DB59E2A-1C94-462B-91FB-936C8431E6A2}"
EndProject
Global
	GlobalSection(SolutionConfigurationPlatforms) = preSolution
		Debug|Any CPU = Debug|Any CPU
		Release|Any CPU = Release|Any CPU
	EndGlobalSection
	GlobalSection(ProjectConfigurationPlatforms) = postSolution
		{0DB59E2A-1C94-462B-91FB-936C8431E6A2}.Debug|Any CPU.ActiveCfg = Debug|Any CPU
		{0DB59E2A-1C94-462B-91FB-936C8431E6A2}.Debug|Any CPU.Build.0 = Debug|Any CPU
		{0DB59E2A-1C94-462B-91FB-936C8431E6A2}.Release|Any CPU.ActiveCfg = Release|Any CPU
		{0DB59E2A-1C94-462B-91FB-936C8431E6A2}.Release|Any CPU.Build.0 = Release|Any CPU
	EndGlobalSection
	GlobalSection(SolutionProperties) = preSolution
		HideSolutionNode = FALSE
	EndGlobalSection
	GlobalSection(ExtensibilityGlobals) = postSolution
		SolutionGuid = {B11A5609-597B-4EFD-80F5-0F6C9DB10C6D}
	EndGlobalSection
EndGlobal
